<Solution>
  <Folder Name="/src/">
    <Project Path="src/ImKit.Example/ImKit.Example.csproj" />
    <Project Path="src/ImKit.MonoGame/ImKit.MonoGame.csproj" />
    <Project Path="src/ImKit/ImKit.csproj" />
  </Folder>
  <Folder Name="/tests/">
    <Project Path="tests/ImKit.Tests/ImKit.Tests.csproj" />
  </Folder>
</Solution>
